// !$*UTF8*$!
{
	archiveVersion = 1;
	classes = {
	};
	objectVersion = 52;
	objects = {

/* Begin PBXBuildFile section */
		5904646A26BDC5E8004C90D2 /* SwiftyJSON in Frameworks */ = {isa = PBXBuildFile; productRef = 5904646926BDC5E8004C90D2 /* SwiftyJSON */; };
		5904646D26BDC80A004C90D2 /* SeatGeek+Convenience.swift in Sources */ = {isa = PBXBuildFile; fileRef = 5904646C26BDC80A004C90D2 /* SeatGeek+Convenience.swift */; };
		59F23DE126BDBA9A00CE20DA /* AppDelegate.swift in Sources */ = {isa = PBXBuildFile; fileRef = 59F23DE026BDBA9A00CE20DA /* AppDelegate.swift */; };
		59F23DE326BDBA9A00CE20DA /* SceneDelegate.swift in Sources */ = {isa = PBXBuildFile; fileRef = 59F23DE226BDBA9A00CE20DA /* SceneDelegate.swift */; };
		59F23DE526BDBA9A00CE20DA /* ViewController.swift in Sources */ = {isa = PBXBuildFile; fileRef = 59F23DE426BDBA9A00CE20DA /* ViewController.swift */; };
		59F23DE826BDBA9A00CE20DA /* Main.storyboard in Resources */ = {isa = PBXBuildFile; fileRef = 59F23DE626BDBA9A00CE20DA /* Main.storyboard */; };
		59F23DEB26BDBA9A00CE20DA /* SeatGeek.xcdatamodeld in Sources */ = {isa = PBXBuildFile; fileRef = 59F23DE926BDBA9A00CE20DA /* SeatGeek.xcdatamodeld */; };
		59F23DED26BDBA9E00CE20DA /* Assets.xcassets in Resources */ = {isa = PBXBuildFile; fileRef = 59F23DEC26BDBA9E00CE20DA /* Assets.xcassets */; };
		59F23DF026BDBA9E00CE20DA /* LaunchScreen.storyboard in Resources */ = {isa = PBXBuildFile; fileRef = 59F23DEE26BDBA9E00CE20DA /* LaunchScreen.storyboard */; };
		59F23DFB26BDBA9E00CE20DA /* SeatGeekTests.swift in Sources */ = {isa = PBXBuildFile; fileRef = 59F23DFA26BDBA9E00CE20DA /* SeatGeekTests.swift */; };
		59F23E0626BDBA9E00CE20DA /* SeatGeekUITests.swift in Sources */ = {isa = PBXBuildFile; fileRef = 59F23E0526BDBA9E00CE20DA /* SeatGeekUITests.swift */; };
		59F23E1526BDBC4800CE20DA /* Persistence.swift in Sources */ = {isa = PBXBuildFile; fileRef = 59F23E1426BDBC4800CE20DA /* Persistence.swift */; };
		59F23E1A26BDC35000CE20DA /* SeatGeekController.swift in Sources */ = {isa = PBXBuildFile; fileRef = 59F23E1926BDC35000CE20DA /* SeatGeekController.swift */; };
/* End PBXBuildFile section */

/* Begin PBXContainerItemProxy section */
		59F23DF726BDBA9E00CE20DA /* PBXContainerItemProxy */ = {
			isa = PBXContainerItemProxy;
			containerPortal = 59F23DD526BDBA9A00CE20DA /* Project object */;
			proxyType = 1;
			remoteGlobalIDString = 59F23DDC26BDBA9A00CE20DA;
			remoteInfo = SeatGeek;
		};
		59F23E0226BDBA9E00CE20DA /* PBXContainerItemProxy */ = {
			isa = PBXContainerItemProxy;
			containerPortal = 59F23DD526BDBA9A00CE20DA /* Project object */;
			proxyType = 1;
			remoteGlobalIDString = 59F23DDC26BDBA9A00CE20DA;
			remoteInfo = SeatGeek;
		};
/* End PBXContainerItemProxy section */

/* Begin PBXFileReference section */
		5904646C26BDC80A004C90D2 /* SeatGeek+Convenience.swift */ = {isa = PBXFileReference; lastKnownFileType = sourcecode.swift; path = "SeatGeek+Convenience.swift"; sourceTree = "<group>"; };
		59F23DDD26BDBA9A00CE20DA /* SeatGeek.app */ = {isa = PBXFileReference; explicitFileType = wrapper.application; includeInIndex = 0; path = SeatGeek.app; sourceTree = BUILT_PRODUCTS_DIR; };
		59F23DE026BDBA9A00CE20DA /* AppDelegate.swift */ = {isa = PBXFileReference; lastKnownFileType = sourcecode.swift; path = AppDelegate.swift; sourceTree = "<group>"; };
		59F23DE226BDBA9A00CE20DA /* SceneDelegate.swift */ = {isa = PBXFileReference; lastKnownFileType = sourcecode.swift; path = SceneDelegate.swift; sourceTree = "<group>"; };
		59F23DE426BDBA9A00CE20DA /* ViewController.swift */ = {isa = PBXFileReference; lastKnownFileType = sourcecode.swift; path = ViewController.swift; sourceTree = "<group>"; };
		59F23DE726BDBA9A00CE20DA /* Base */ = {isa = PBXFileReference; lastKnownFileType = file.storyboard; name = Base; path = Base.lproj/Main.storyboard; sourceTree = "<group>"; };
		59F23DEA26BDBA9A00CE20DA /* SeatGeek.xcdatamodel */ = {isa = PBXFileReference; lastKnownFileType = wrapper.xcdatamodel; path = SeatGeek.xcdatamodel; sourceTree = "<group>"; };
		59F23DEC26BDBA9E00CE20DA /* Assets.xcassets */ = {isa = PBXFileReference; lastKnownFileType = folder.assetcatalog; path = Assets.xcassets; sourceTree = "<group>"; };
		59F23DEF26BDBA9E00CE20DA /* Base */ = {isa = PBXFileReference; lastKnownFileType = file.storyboard; name = Base; path = Base.lproj/LaunchScreen.storyboard; sourceTree = "<group>"; };
		59F23DF126BDBA9E00CE20DA /* Info.plist */ = {isa = PBXFileReference; lastKnownFileType = text.plist.xml; path = Info.plist; sourceTree = "<group>"; };
		59F23DF626BDBA9E00CE20DA /* SeatGeekTests.xctest */ = {isa = PBXFileReference; explicitFileType = wrapper.cfbundle; includeInIndex = 0; path = SeatGeekTests.xctest; sourceTree = BUILT_PRODUCTS_DIR; };
		59F23DFA26BDBA9E00CE20DA /* SeatGeekTests.swift */ = {isa = PBXFileReference; lastKnownFileType = sourcecode.swift; path = SeatGeekTests.swift; sourceTree = "<group>"; };
		59F23DFC26BDBA9E00CE20DA /* Info.plist */ = {isa = PBXFileReference; lastKnownFileType = text.plist.xml; path = Info.plist; sourceTree = "<group>"; };
		59F23E0126BDBA9E00CE20DA /* SeatGeekUITests.xctest */ = {isa = PBXFileReference; explicitFileType = wrapper.cfbundle; includeInIndex = 0; path = SeatGeekUITests.xctest; sourceTree = BUILT_PRODUCTS_DIR; };
		59F23E0526BDBA9E00CE20DA /* SeatGeekUITests.swift */ = {isa = PBXFileReference; lastKnownFileType = sourcecode.swift; path = SeatGeekUITests.swift; sourceTree = "<group>"; };
		59F23E0726BDBA9E00CE20DA /* Info.plist */ = {isa = PBXFileReference; lastKnownFileType = text.plist.xml; path = Info.plist; sourceTree = "<group>"; };
		59F23E1426BDBC4800CE20DA /* Persistence.swift */ = {isa = PBXFileReference; lastKnownFileType = sourcecode.swift; path = Persistence.swift; sourceTree = "<group>"; };
		59F23E1926BDC35000CE20DA /* SeatGeekController.swift */ = {isa = PBXFileReference; lastKnownFileType = sourcecode.swift; path = SeatGeekController.swift; sourceTree = "<group>"; };
/* End PBXFileReference section */

/* Begin PBXFrameworksBuildPhase section */
		59F23DDA26BDBA9A00CE20DA /* Frameworks */ = {
			isa = PBXFrameworksBuildPhase;
			buildActionMask = 2147483647;
			files = (
				5904646A26BDC5E8004C90D2 /* SwiftyJSON in Frameworks */,
			);
			runOnlyForDeploymentPostprocessing = 0;
		};
		59F23DF326BDBA9E00CE20DA /* Frameworks */ = {
			isa = PBXFrameworksBuildPhase;
			buildActionMask = 2147483647;
			files = (
			);
			runOnlyForDeploymentPostprocessing = 0;
		};
		59F23DFE26BDBA9E00CE20DA /* Frameworks */ = {
			isa = PBXFrameworksBuildPhase;
			buildActionMask = 2147483647;
			files = (
			);
			runOnlyForDeploymentPostprocessing = 0;
		};
/* End PBXFrameworksBuildPhase section */

/* Begin PBXGroup section */
		5904646B26BDC759004C90D2 /* Model */ = {
			isa = PBXGroup;
			children = (
				59F23DE926BDBA9A00CE20DA /* SeatGeek.xcdatamodeld */,
				5904646C26BDC80A004C90D2 /* SeatGeek+Convenience.swift */,
			);
			path = Model;
			sourceTree = "<group>";
		};
		59F23DD426BDBA9A00CE20DA = {
			isa = PBXGroup;
			children = (
				59F23DDF26BDBA9A00CE20DA /* SeatGeek */,
				59F23DF926BDBA9E00CE20DA /* SeatGeekTests */,
				59F23E0426BDBA9E00CE20DA /* SeatGeekUITests */,
				59F23DDE26BDBA9A00CE20DA /* Products */,
			);
			sourceTree = "<group>";
		};
		59F23DDE26BDBA9A00CE20DA /* Products */ = {
			isa = PBXGroup;
			children = (
				59F23DDD26BDBA9A00CE20DA /* SeatGeek.app */,
				59F23DF626BDBA9E00CE20DA /* SeatGeekTests.xctest */,
				59F23E0126BDBA9E00CE20DA /* SeatGeekUITests.xctest */,
			);
			name = Products;
			sourceTree = "<group>";
		};
		59F23DDF26BDBA9A00CE20DA /* SeatGeek */ = {
			isa = PBXGroup;
			children = (
				59F23DE026BDBA9A00CE20DA /* AppDelegate.swift */,
				59F23DE226BDBA9A00CE20DA /* SceneDelegate.swift */,
				5904646B26BDC759004C90D2 /* Model */,
				59F23E1326BDBC3400CE20DA /* Model Controllers */,
				59F23DE426BDBA9A00CE20DA /* ViewController.swift */,
				59F23DE626BDBA9A00CE20DA /* Main.storyboard */,
				59F23DEC26BDBA9E00CE20DA /* Assets.xcassets */,
				59F23DEE26BDBA9E00CE20DA /* LaunchScreen.storyboard */,
				59F23DF126BDBA9E00CE20DA /* Info.plist */,
			);
			path = SeatGeek;
			sourceTree = "<group>";
		};
		59F23DF926BDBA9E00CE20DA /* SeatGeekTests */ = {
			isa = PBXGroup;
			children = (
				59F23DFA26BDBA9E00CE20DA /* SeatGeekTests.swift */,
				59F23DFC26BDBA9E00CE20DA /* Info.plist */,
			);
			path = SeatGeekTests;
			sourceTree = "<group>";
		};
		59F23E0426BDBA9E00CE20DA /* SeatGeekUITests */ = {
			isa = PBXGroup;
			children = (
				59F23E0526BDBA9E00CE20DA /* SeatGeekUITests.swift */,
				59F23E0726BDBA9E00CE20DA /* Info.plist */,
			);
			path = SeatGeekUITests;
			sourceTree = "<group>";
		};
		59F23E1326BDBC3400CE20DA /* Model Controllers */ = {
			isa = PBXGroup;
			children = (
				59F23E1426BDBC4800CE20DA /* Persistence.swift */,
				59F23E1926BDC35000CE20DA /* SeatGeekController.swift */,
			);
			path = "Model Controllers";
			sourceTree = "<group>";
		};
/* End PBXGroup section */

/* Begin PBXNativeTarget section */
		59F23DDC26BDBA9A00CE20DA /* SeatGeek */ = {
			isa = PBXNativeTarget;
			buildConfigurationList = 59F23E0A26BDBA9E00CE20DA /* Build configuration list for PBXNativeTarget "SeatGeek" */;
			buildPhases = (
				59F23DD926BDBA9A00CE20DA /* Sources */,
				59F23DDA26BDBA9A00CE20DA /* Frameworks */,
				59F23DDB26BDBA9A00CE20DA /* Resources */,
			);
			buildRules = (
			);
			dependencies = (
			);
			name = SeatGeek;
			packageProductDependencies = (
				5904646926BDC5E8004C90D2 /* SwiftyJSON */,
			);
			productName = SeatGeek;
			productReference = 59F23DDD26BDBA9A00CE20DA /* SeatGeek.app */;
			productType = "com.apple.product-type.application";
		};
		59F23DF526BDBA9E00CE20DA /* SeatGeekTests */ = {
			isa = PBXNativeTarget;
			buildConfigurationList = 59F23E0D26BDBA9E00CE20DA /* Build configuration list for PBXNativeTarget "SeatGeekTests" */;
			buildPhases = (
				59F23DF226BDBA9E00CE20DA /* Sources */,
				59F23DF326BDBA9E00CE20DA /* Frameworks */,
				59F23DF426BDBA9E00CE20DA /* Resources */,
			);
			buildRules = (
			);
			dependencies = (
				59F23DF826BDBA9E00CE20DA /* PBXTargetDependency */,
			);
			name = SeatGeekTests;
			productName = SeatGeekTests;
			productReference = 59F23DF626BDBA9E00CE20DA /* SeatGeekTests.xctest */;
			productType = "com.apple.product-type.bundle.unit-test";
		};
		59F23E0026BDBA9E00CE20DA /* SeatGeekUITests */ = {
			isa = PBXNativeTarget;
			buildConfigurationList = 59F23E1026BDBA9E00CE20DA /* Build configuration list for PBXNativeTarget "SeatGeekUITests" */;
			buildPhases = (
				59F23DFD26BDBA9E00CE20DA /* Sources */,
				59F23DFE26BDBA9E00CE20DA /* Frameworks */,
				59F23DFF26BDBA9E00CE20DA /* Resources */,
			);
			buildRules = (
			);
			dependencies = (
				59F23E0326BDBA9E00CE20DA /* PBXTargetDependency */,
			);
			name = SeatGeekUITests;
			productName = SeatGeekUITests;
			productReference = 59F23E0126BDBA9E00CE20DA /* SeatGeekUITests.xctest */;
			productType = "com.apple.product-type.bundle.ui-testing";
		};
/* End PBXNativeTarget section */

/* Begin PBXProject section */
		59F23DD526BDBA9A00CE20DA /* Project object */ = {
			isa = PBXProject;
			attributes = {
				LastSwiftUpdateCheck = 1250;
				LastUpgradeCheck = 1250;
				TargetAttributes = {
					59F23DDC26BDBA9A00CE20DA = {
						CreatedOnToolsVersion = 12.5.1;
					};
					59F23DF526BDBA9E00CE20DA = {
						CreatedOnToolsVersion = 12.5.1;
						TestTargetID = 59F23DDC26BDBA9A00CE20DA;
					};
					59F23E0026BDBA9E00CE20DA = {
						CreatedOnToolsVersion = 12.5.1;
						TestTargetID = 59F23DDC26BDBA9A00CE20DA;
					};
				};
			};
			buildConfigurationList = 59F23DD826BDBA9A00CE20DA /* Build configuration list for PBXProject "SeatGeek" */;
			compatibilityVersion = "Xcode 9.3";
			developmentRegion = en;
			hasScannedForEncodings = 0;
			knownRegions = (
				en,
				Base,
			);
			mainGroup = 59F23DD426BDBA9A00CE20DA;
			packageReferences = (
				5904646826BDC5E8004C90D2 /* XCRemoteSwiftPackageReference "SwiftyJSON" */,
			);
			productRefGroup = 59F23DDE26BDBA9A00CE20DA /* Products */;
			projectDirPath = "";
			projectRoot = "";
			targets = (
				59F23DDC26BDBA9A00CE20DA /* SeatGeek */,
				59F23DF526BDBA9E00CE20DA /* SeatGeekTests */,
				59F23E0026BDBA9E00CE20DA /* SeatGeekUITests */,
			);
		};
/* End PBXProject section */

/* Begin PBXResourcesBuildPhase section */
		59F23DDB26BDBA9A00CE20DA /* Resources */ = {
			isa = PBXResourcesBuildPhase;
			buildActionMask = 2147483647;
			files = (
				59F23DF026BDBA9E00CE20DA /* LaunchScreen.storyboard in Resources */,
				59F23DED26BDBA9E00CE20DA /* Assets.xcassets in Resources */,
				59F23DE826BDBA9A00CE20DA /* Main.storyboard in Resources */,
			);
			runOnlyForDeploymentPostprocessing = 0;
		};
		59F23DF426BDBA9E00CE20DA /* Resources */ = {
			isa = PBXResourcesBuildPhase;
			buildActionMask = 2147483647;
			files = (
			);
			runOnlyForDeploymentPostprocessing = 0;
		};
		59F23DFF26BDBA9E00CE20DA /* Resources */ = {
			isa = PBXResourcesBuildPhase;
			buildActionMask = 2147483647;
			files = (
			);
			runOnlyForDeploymentPostprocessing = 0;
		};
/* End PBXResourcesBuildPhase section */

/* Begin PBXSourcesBuildPhase section */
		59F23DD926BDBA9A00CE20DA /* Sources */ = {
			isa = PBXSourcesBuildPhase;
			buildActionMask = 2147483647;
			files = (
				59F23DE526BDBA9A00CE20DA /* ViewController.swift in Sources */,
				59F23DE126BDBA9A00CE20DA /* AppDelegate.swift in Sources */,
				59F23DEB26BDBA9A00CE20DA /* SeatGeek.xcdatamodeld in Sources */,
				5904646D26BDC80A004C90D2 /* SeatGeek+Convenience.swift in Sources */,
				59F23DE326BDBA9A00CE20DA /* SceneDelegate.swift in Sources */,
				59F23E1A26BDC35000CE20DA /* SeatGeekController.swift in Sources */,
				59F23E1526BDBC4800CE20DA /* Persistence.swift in Sources */,
			);
			runOnlyForDeploymentPostprocessing = 0;
		};
		59F23DF226BDBA9E00CE20DA /* Sources */ = {
			isa = PBXSourcesBuildPhase;
			buildActionMask = 2147483647;
			files = (
				59F23DFB26BDBA9E00CE20DA /* SeatGeekTests.swift in Sources */,
			);
			runOnlyForDeploymentPostprocessing = 0;
		};
		59F23DFD26BDBA9E00CE20DA /* Sources */ = {
			isa = PBXSourcesBuildPhase;
			buildActionMask = 2147483647;
			files = (
				59F23E0626BDBA9E00CE20DA /* SeatGeekUITests.swift in Sources */,
			);
			runOnlyForDeploymentPostprocessing = 0;
		};
/* End PBXSourcesBuildPhase section */

/* Begin PBXTargetDependency section */
		59F23DF826BDBA9E00CE20DA /* PBXTargetDependency */ = {
			isa = PBXTargetDependency;
			target = 59F23DDC26BDBA9A00CE20DA /* SeatGeek */;
			targetProxy = 59F23DF726BDBA9E00CE20DA /* PBXContainerItemProxy */;
		};
		59F23E0326BDBA9E00CE20DA /* PBXTargetDependency */ = {
			isa = PBXTargetDependency;
			target = 59F23DDC26BDBA9A00CE20DA /* SeatGeek */;
			targetProxy = 59F23E0226BDBA9E00CE20DA /* PBXContainerItemProxy */;
		};
/* End PBXTargetDependency section */

/* Begin PBXVariantGroup section */
		59F23DE626BDBA9A00CE20DA /* Main.storyboard */ = {
			isa = PBXVariantGroup;
			children = (
				59F23DE726BDBA9A00CE20DA /* Base */,
			);
			name = Main.storyboard;
			sourceTree = "<group>";
		};
		59F23DEE26BDBA9E00CE20DA /* LaunchScreen.storyboard */ = {
			isa = PBXVariantGroup;
			children = (
				59F23DEF26BDBA9E00CE20DA /* Base */,
			);
			name = LaunchScreen.storyboard;
			sourceTree = "<group>";
		};
/* End PBXVariantGroup section */

/* Begin XCBuildConfiguration section */
		59F23E0826BDBA9E00CE20DA /* Debug */ = {
			isa = XCBuildConfiguration;
			buildSettings = {
				ALWAYS_SEARCH_USER_PATHS = NO;
				CLANG_ANALYZER_NONNULL = YES;
				CLANG_ANALYZER_NUMBER_OBJECT_CONVERSION = YES_AGGRESSIVE;
				CLANG_CXX_LANGUAGE_STANDARD = "gnu++14";
				CLANG_CXX_LIBRARY = "libc++";
				CLANG_ENABLE_MODULES = YES;
				CLANG_ENABLE_OBJC_ARC = YES;
				CLANG_ENABLE_OBJC_WEAK = YES;
				CLANG_WARN_BLOCK_CAPTURE_AUTORELEASING = YES;
				CLANG_WARN_BOOL_CONVERSION = YES;
				CLANG_WARN_COMMA = YES;
				CLANG_WARN_CONSTANT_CONVERSION = YES;
				CLANG_WARN_DEPRECATED_OBJC_IMPLEMENTATIONS = YES;
				CLANG_WARN_DIRECT_OBJC_ISA_USAGE = YES_ERROR;
				CLANG_WARN_DOCUMENTATION_COMMENTS = YES;
				CLANG_WARN_EMPTY_BODY = YES;
				CLANG_WARN_ENUM_CONVERSION = YES;
				CLANG_WARN_INFINITE_RECURSION = YES;
				CLANG_WARN_INT_CONVERSION = YES;
				CLANG_WARN_NON_LITERAL_NULL_CONVERSION = YES;
				CLANG_WARN_OBJC_IMPLICIT_RETAIN_SELF = YES;
				CLANG_WARN_OBJC_LITERAL_CONVERSION = YES;
				CLANG_WARN_OBJC_ROOT_CLASS = YES_ERROR;
				CLANG_WARN_QUOTED_INCLUDE_IN_FRAMEWORK_HEADER = YES;
				CLANG_WARN_RANGE_LOOP_ANALYSIS = YES;
				CLANG_WARN_STRICT_PROTOTYPES = YES;
				CLANG_WARN_SUSPICIOUS_MOVE = YES;
				CLANG_WARN_UNGUARDED_AVAILABILITY = YES_AGGRESSIVE;
				CLANG_WARN_UNREACHABLE_CODE = YES;
				CLANG_WARN__DUPLICATE_METHOD_MATCH = YES;
				COPY_PHASE_STRIP = NO;
				DEBUG_INFORMATION_FORMAT = dwarf;
				ENABLE_STRICT_OBJC_MSGSEND = YES;
				ENABLE_TESTABILITY = YES;
				GCC_C_LANGUAGE_STANDARD = gnu11;
				GCC_DYNAMIC_NO_PIC = NO;
				GCC_NO_COMMON_BLOCKS = YES;
				GCC_OPTIMIZATION_LEVEL = 0;
				GCC_PREPROCESSOR_DEFINITIONS = (
					"DEBUG=1",
					"$(inherited)",
				);
				GCC_WARN_64_TO_32_BIT_CONVERSION = YES;
				GCC_WARN_ABOUT_RETURN_TYPE = YES_ERROR;
				GCC_WARN_UNDECLARED_SELECTOR = YES;
				GCC_WARN_UNINITIALIZED_AUTOS = YES_AGGRESSIVE;
				GCC_WARN_UNUSED_FUNCTION = YES;
				GCC_WARN_UNUSED_VARIABLE = YES;
				IPHONEOS_DEPLOYMENT_TARGET = 14.5;
				MTL_ENABLE_DEBUG_INFO = INCLUDE_SOURCE;
				MTL_FAST_MATH = YES;
				ONLY_ACTIVE_ARCH = YES;
				SDKROOT = iphoneos;
				SWIFT_ACTIVE_COMPILATION_CONDITIONS = DEBUG;
				SWIFT_OPTIMIZATION_LEVEL = "-Onone";
			};
			name = Debug;
		};
		59F23E0926BDBA9E00CE20DA /* Release */ = {
			isa = XCBuildConfiguration;
			buildSettings = {
				ALWAYS_SEARCH_USER_PATHS = NO;
				CLANG_ANALYZER_NONNULL = YES;
				CLANG_ANALYZER_NUMBER_OBJECT_CONVERSION = YES_AGGRESSIVE;
				CLANG_CXX_LANGUAGE_STANDARD = "gnu++14";
				CLANG_CXX_LIBRARY = "libc++";
				CLANG_ENABLE_MODULES = YES;
				CLANG_ENABLE_OBJC_ARC = YES;
				CLANG_ENABLE_OBJC_WEAK = YES;
				CLANG_WARN_BLOCK_CAPTURE_AUTORELEASING = YES;
				CLANG_WARN_BOOL_CONVERSION = YES;
				CLANG_WARN_COMMA = YES;
				CLANG_WARN_CONSTANT_CONVERSION = YES;
				CLANG_WARN_DEPRECATED_OBJC_IMPLEMENTATIONS = YES;
				CLANG_WARN_DIRECT_OBJC_ISA_USAGE = YES_ERROR;
				CLANG_WARN_DOCUMENTATION_COMMENTS = YES;
				CLANG_WARN_EMPTY_BODY = YES;
				CLANG_WARN_ENUM_CONVERSION = YES;
				CLANG_WARN_INFINITE_RECURSION = YES;
				CLANG_WARN_INT_CONVERSION = YES;
				CLANG_WARN_NON_LITERAL_NULL_CONVERSION = YES;
				CLANG_WARN_OBJC_IMPLICIT_RETAIN_SELF = YES;
				CLANG_WARN_OBJC_LITERAL_CONVERSION = YES;
				CLANG_WARN_OBJC_ROOT_CLASS = YES_ERROR;
				CLANG_WARN_QUOTED_INCLUDE_IN_FRAMEWORK_HEADER = YES;
				CLANG_WARN_RANGE_LOOP_ANALYSIS = YES;
				CLANG_WARN_STRICT_PROTOTYPES = YES;
				CLANG_WARN_SUSPICIOUS_MOVE = YES;
				CLANG_WARN_UNGUARDED_AVAILABILITY = YES_AGGRESSIVE;
				CLANG_WARN_UNREACHABLE_CODE = YES;
				CLANG_WARN__DUPLICATE_METHOD_MATCH = YES;
				COPY_PHASE_STRIP = NO;
				DEBUG_INFORMATION_FORMAT = "dwarf-with-dsym";
				ENABLE_NS_ASSERTIONS = NO;
				ENABLE_STRICT_OBJC_MSGSEND = YES;
				GCC_C_LANGUAGE_STANDARD = gnu11;
				GCC_NO_COMMON_BLOCKS = YES;
				GCC_WARN_64_TO_32_BIT_CONVERSION = YES;
				GCC_WARN_ABOUT_RETURN_TYPE = YES_ERROR;
				GCC_WARN_UNDECLARED_SELECTOR = YES;
				GCC_WARN_UNINITIALIZED_AUTOS = YES_AGGRESSIVE;
				GCC_WARN_UNUSED_FUNCTION = YES;
				GCC_WARN_UNUSED_VARIABLE = YES;
				IPHONEOS_DEPLOYMENT_TARGET = 14.5;
				MTL_ENABLE_DEBUG_INFO = NO;
				MTL_FAST_MATH = YES;
				SDKROOT = iphoneos;
				SWIFT_COMPILATION_MODE = wholemodule;
				SWIFT_OPTIMIZATION_LEVEL = "-O";
				VALIDATE_PRODUCT = YES;
			};
			name = Release;
		};
		59F23E0B26BDBA9E00CE20DA /* Debug */ = {
			isa = XCBuildConfiguration;
			buildSettings = {
				ASSETCATALOG_COMPILER_APPICON_NAME = AppIcon;
				ASSETCATALOG_COMPILER_GLOBAL_ACCENT_COLOR_NAME = AccentColor;
				CODE_SIGN_STYLE = Automatic;
				DEVELOPMENT_TEAM = A4525544Q4;
				INFOPLIST_FILE = SeatGeek/Info.plist;
				IPHONEOS_DEPLOYMENT_TARGET = 12.1;
				LD_RUNPATH_SEARCH_PATHS = (
					"$(inherited)",
					"@executable_path/Frameworks",
				);
				PRODUCT_BUNDLE_IDENTIFIER = app.lyons.SeatGeek;
				PRODUCT_NAME = "$(TARGET_NAME)";
				SWIFT_VERSION = 5.0;
				TARGETED_DEVICE_FAMILY = "1,2";
			};
			name = Debug;
		};
		59F23E0C26BDBA9E00CE20DA /* Release */ = {
			isa = XCBuildConfiguration;
			buildSettings = {
				ASSETCATALOG_COMPILER_APPICON_NAME = AppIcon;
				ASSETCATALOG_COMPILER_GLOBAL_ACCENT_COLOR_NAME = AccentColor;
				CODE_SIGN_STYLE = Automatic;
				DEVELOPMENT_TEAM = A4525544Q4;
				INFOPLIST_FILE = SeatGeek/Info.plist;
				IPHONEOS_DEPLOYMENT_TARGET = 12.1;
				LD_RUNPATH_SEARCH_PATHS = (
					"$(inherited)",
					"@executable_path/Frameworks",
				);
				PRODUCT_BUNDLE_IDENTIFIER = app.lyons.SeatGeek;
				PRODUCT_NAME = "$(TARGET_NAME)";
				SWIFT_VERSION = 5.0;
				TARGETED_DEVICE_FAMILY = "1,2";
			};
			name = Release;
		};
		59F23E0E26BDBA9E00CE20DA /* Debug */ = {
			isa = XCBuildConfiguration;
			buildSettings = {
				ALWAYS_EMBED_SWIFT_STANDARD_LIBRARIES = YES;
				BUNDLE_LOADER = "$(TEST_HOST)";
				CODE_SIGN_STYLE = Automatic;
				DEVELOPMENT_TEAM = A4525544Q4;
				INFOPLIST_FILE = SeatGeekTests/Info.plist;
				IPHONEOS_DEPLOYMENT_TARGET = 14.5;
				LD_RUNPATH_SEARCH_PATHS = (
					"$(inherited)",
					"@executable_path/Frameworks",
					"@loader_path/Frameworks",
				);
				PRODUCT_BUNDLE_IDENTIFIER = app.lyons.SeatGeekTests;
				PRODUCT_NAME = "$(TARGET_NAME)";
				SWIFT_VERSION = 5.0;
				TARGETED_DEVICE_FAMILY = "1,2";
				TEST_HOST = "$(BUILT_PRODUCTS_DIR)/SeatGeek.app/SeatGeek";
			};
			name = Debug;
		};
		59F23E0F26BDBA9E00CE20DA /* Release */ = {
			isa = XCBuildConfiguration;
			buildSettings = {
				ALWAYS_EMBED_SWIFT_STANDARD_LIBRARIES = YES;
				BUNDLE_LOADER = "$(TEST_HOST)";
				CODE_SIGN_STYLE = Automatic;
				DEVELOPMENT_TEAM = A4525544Q4;
				INFOPLIST_FILE = SeatGeekTests/Info.plist;
				IPHONEOS_DEPLOYMENT_TARGET = 14.5;
				LD_RUNPATH_SEARCH_PATHS = (
					"$(inherited)",
					"@executable_path/Frameworks",
					"@loader_path/Frameworks",
				);
				PRODUCT_BUNDLE_IDENTIFIER = app.lyons.SeatGeekTests;
				PRODUCT_NAME = "$(TARGET_NAME)";
				SWIFT_VERSION = 5.0;
				TARGETED_DEVICE_FAMILY = "1,2";
				TEST_HOST = "$(BUILT_PRODUCTS_DIR)/SeatGeek.app/SeatGeek";
			};
			name = Release;
		};
		59F23E1126BDBA9E00CE20DA /* Debug */ = {
			isa = XCBuildConfiguration;
			buildSettings = {
				ALWAYS_EMBED_SWIFT_STANDARD_LIBRARIES = YES;
				CODE_SIGN_STYLE = Automatic;
				DEVELOPMENT_TEAM = A4525544Q4;
				INFOPLIST_FILE = SeatGeekUITests/Info.plist;
				LD_RUNPATH_SEARCH_PATHS = (
					"$(inherited)",
					"@executable_path/Frameworks",
					"@loader_path/Frameworks",
				);
				PRODUCT_BUNDLE_IDENTIFIER = app.lyons.SeatGeekUITests;
				PRODUCT_NAME = "$(TARGET_NAME)";
				SWIFT_VERSION = 5.0;
				TARGETED_DEVICE_FAMILY = "1,2";
				TEST_TARGET_NAME = SeatGeek;
			};
			name = Debug;
		};
		59F23E1226BDBA9E00CE20DA /* Release */ = {
			isa = XCBuildConfiguration;
			buildSettings = {
				ALWAYS_EMBED_SWIFT_STANDARD_LIBRARIES = YES;
				CODE_SIGN_STYLE = Automatic;
				DEVELOPMENT_TEAM = A4525544Q4;
				INFOPLIST_FILE = SeatGeekUITests/Info.plist;
				LD_RUNPATH_SEARCH_PATHS = (
					"$(inherited)",
					"@executable_path/Frameworks",
					"@loader_path/Frameworks",
				);
				PRODUCT_BUNDLE_IDENTIFIER = app.lyons.SeatGeekUITests;
				PRODUCT_NAME = "$(TARGET_NAME)";
				SWIFT_VERSION = 5.0;
				TARGETED_DEVICE_FAMILY = "1,2";
				TEST_TARGET_NAME = SeatGeek;
			};
			name = Release;
		};
/* End XCBuildConfiguration section */

/* Begin XCConfigurationList section */
		59F23DD826BDBA9A00CE20DA /* Build configuration list for PBXProject "SeatGeek" */ = {
			isa = XCConfigurationList;
			buildConfigurations = (
				59F23E0826BDBA9E00CE20DA /* Debug */,
				59F23E0926BDBA9E00CE20DA /* Release */,
			);
			defaultConfigurationIsVisible = 0;
			defaultConfigurationName = Release;
		};
		59F23E0A26BDBA9E00CE20DA /* Build configuration list for PBXNativeTarget "SeatGeek" */ = {
			isa = XCConfigurationList;
			buildConfigurations = (
				59F23E0B26BDBA9E00CE20DA /* Debug */,
				59F23E0C26BDBA9E00CE20DA /* Release */,
			);
			defaultConfigurationIsVisible = 0;
			defaultConfigurationName = Release;
		};
		59F23E0D26BDBA9E00CE20DA /* Build configuration list for PBXNativeTarget "SeatGeekTests" */ = {
			isa = XCConfigurationList;
			buildConfigurations = (
				59F23E0E26BDBA9E00CE20DA /* Debug */,
				59F23E0F26BDBA9E00CE20DA /* Release */,
			);
			defaultConfigurationIsVisible = 0;
			defaultConfigurationName = Release;
		};
		59F23E1026BDBA9E00CE20DA /* Build configuration list for PBXNativeTarget "SeatGeekUITests" */ = {
			isa = XCConfigurationList;
			buildConfigurations = (
				59F23E1126BDBA9E00CE20DA /* Debug */,
				59F23E1226BDBA9E00CE20DA /* Release */,
			);
			defaultConfigurationIsVisible = 0;
			defaultConfigurationName = Release;
		};
/* End XCConfigurationList section */

/* Begin XCRemoteSwiftPackageReference section */
		5904646826BDC5E8004C90D2 /* XCRemoteSwiftPackageReference "SwiftyJSON" */ = {
			isa = XCRemoteSwiftPackageReference;
			repositoryURL = "https://github.com/SwiftyJSON/SwiftyJSON.git";
			requirement = {
				kind = upToNextMajorVersion;
				minimumVersion = 5.0.1;
			};
		};
/* End XCRemoteSwiftPackageReference section */

/* Begin XCSwiftPackageProductDependency section */
		5904646926BDC5E8004C90D2 /* SwiftyJSON */ = {
			isa = XCSwiftPackageProductDependency;
			package = 5904646826BDC5E8004C90D2 /* XCRemoteSwiftPackageReference "SwiftyJSON" */;
			productName = SwiftyJSON;
		};
/* End XCSwiftPackageProductDependency section */

/* Begin XCVersionGroup section */
		59F23DE926BDBA9A00CE20DA /* SeatGeek.xcdatamodeld */ = {
			isa = XCVersionGroup;
			children = (
				59F23DEA26BDBA9A00CE20DA /* SeatGeek.xcdatamodel */,
			);
			currentVersion = 59F23DEA26BDBA9A00CE20DA /* SeatGeek.xcdatamodel */;
			path = SeatGeek.xcdatamodeld;
			sourceTree = "<group>";
			versionGroupType = wrapper.xcdatamodel;
		};
/* End XCVersionGroup section */
	};
	rootObject = 59F23DD526BDBA9A00CE20DA /* Project object */;
}
